
Microsoft Visual Studio Solution File, Format Version 12.00
# Visual Studio Version 17
VisualStudioVersion = 17.9.34728.123
MinimumVisualStudioVersion = 10.0.40219.1
Project("{9A19103F-16F7-4668-BE54-9A1E7A4F7556}") = "MDO2.Core.QMS", "MDO2.Core.QMS\MDO2.Core.QMS.csproj", "{FF5A094C-AF42-48C2-B372-30DF157D7615}"
EndProject
Project("{9A19103F-16F7-4668-BE54-9A1E7A4F7556}") = "MDO2.Core", "MDO2.Core\MDO2.Core.csproj", "{95C6BF77-055A-4944-A615-4195A1DF0279}"
EndProject
Project("{9A19103F-16F7-4668-BE54-9A1E7A4F7556}") = "QruizeBulkFileSQSReceiver", "QruizeBulkFileSQSReceiver\QruizeBulkFileSQSReceiver.csproj", "{CC637390-8467-400C-9095-F04494D128CF}"
EndProject
Global
	GlobalSection(SolutionConfigurationPlatforms) = preSolution
		Debug|Any CPU = Debug|Any CPU
		Release|Any CPU = Release|Any CPU
	EndGlobalSection
	GlobalSection(ProjectConfigurationPlatforms) = postSolution
		{FF5A094C-AF42-48C2-B372-30DF157D7615}.Debug|Any CPU.ActiveCfg = Debug|Any CPU
		{FF5A094C-AF42-48C2-B372-30DF157D7615}.Debug|Any CPU.Build.0 = Debug|Any CPU
		{FF5A094C-AF42-48C2-B372-30DF157D7615}.Release|Any CPU.ActiveCfg = Release|Any CPU
		{FF5A094C-AF42-48C2-B372-30DF157D7615}.Release|Any CPU.Build.0 = Release|Any CPU
		{95C6BF77-055A-4944-A615-4195A1DF0279}.Debug|Any CPU.ActiveCfg = Debug|Any CPU
		{95C6BF77-055A-4944-A615-4195A1DF0279}.Debug|Any CPU.Build.0 = Debug|Any CPU
		{95C6BF77-055A-4944-A615-4195A1DF0279}.Release|Any CPU.ActiveCfg = Release|Any CPU
		{95C6BF77-055A-4944-A615-4195A1DF0279}.Release|Any CPU.Build.0 = Release|Any CPU
		{CC637390-8467-400C-9095-F04494D128CF}.Debug|Any CPU.ActiveCfg = Debug|Any CPU
		{CC637390-8467-400C-9095-F04494D128CF}.Debug|Any CPU.Build.0 = Debug|Any CPU
		{CC637390-8467-400C-9095-F04494D128CF}.Release|Any CPU.ActiveCfg = Release|Any CPU
		{CC637390-8467-400C-9095-F04494D128CF}.Release|Any CPU.Build.0 = Release|Any CPU
	EndGlobalSection
	GlobalSection(SolutionProperties) = preSolution
		HideSolutionNode = FALSE
	EndGlobalSection
	GlobalSection(ExtensibilityGlobals) = postSolution
		SolutionGuid = {5CDAA200-B5A5-4EF7-8A65-4478ADC690BA}
	EndGlobalSection
EndGlobal
